
Microsoft Visual Studio Solution File, Format Version 12.00
# Visual Studio Version 16
VisualStudioVersion = 16.0.29920.165
MinimumVisualStudioVersion = 10.0.40219.1
Project("{FAE04EC0-301F-11D3-BF4B-00C04F79EFBC}") = "task2", "task2.csproj", "{D424062A-DFD8-4E87-AE36-1765FC61353A}"
EndProject
Global
	GlobalSection(SolutionConfigurationPlatforms) = preSolution
		Debug|Any CPU = Debug|Any CPU
		Release|Any CPU = Release|Any CPU
	EndGlobalSection
	GlobalSection(ProjectConfigurationPlatforms) = postSolution
		{D424062A-DFD8-4E87-AE36-1765FC61353A}.Debug|Any CPU.ActiveCfg = Debug|Any CPU
		{D424062A-DFD8-4E87-AE36-1765FC61353A}.Debug|Any CPU.Build.0 = Debug|Any CPU
		{D424062A-DFD8-4E87-AE36-1765FC61353A}.Release|Any CPU.ActiveCfg = Release|Any CPU
		{D424062A-DFD8-4E87-AE36-1765FC61353A}.Release|Any CPU.Build.0 = Release|Any CPU
	EndGlobalSection
	GlobalSection(SolutionProperties) = preSolution
		HideSolutionNode = FALSE
	EndGlobalSection
	GlobalSection(ExtensibilityGlobals) = postSolution
		SolutionGuid = {16EB11EE-08A6-4911-BC4B-5851D196BBD7}
	EndGlobalSection
EndGlobal
